
Microsoft Visual Studio Solution File, Format Version 12.00
# Visual Studio Version 17
VisualStudioVersion = 17.11.35327.3
MinimumVisualStudioVersion = 10.0.40219.1
Project("{FAE04EC0-301F-11D3-BF4B-00C04F79EFBC}") = "GestionDesProjectBackEnd", "GestionDesProjectBackEnd\GestionDesProjectBackEnd.csproj", "{E373FCF9-361D-44E9-8329-D142ED90FE7A}"
EndProject
Global
	GlobalSection(SolutionConfigurationPlatforms) = preSolution
		Debug|Any CPU = Debug|Any CPU
		Release|Any CPU = Release|Any CPU
	EndGlobalSection
	GlobalSection(ProjectConfigurationPlatforms) = postSolution
		{E373FCF9-361D-44E9-8329-D142ED90FE7A}.Debug|Any CPU.ActiveCfg = Debug|Any CPU
		{E373FCF9-361D-44E9-8329-D142ED90FE7A}.Debug|Any CPU.Build.0 = Debug|Any CPU
		{E373FCF9-361D-44E9-8329-D142ED90FE7A}.Release|Any CPU.ActiveCfg = Release|Any CPU
		{E373FCF9-361D-44E9-8329-D142ED90FE7A}.Release|Any CPU.Build.0 = Release|Any CPU
	EndGlobalSection
	GlobalSection(SolutionProperties) = preSolution
		HideSolutionNode = FALSE
	EndGlobalSection
	GlobalSection(ExtensibilityGlobals) = postSolution
		SolutionGuid = {3EF92691-F645-4327-8708-313D0DBC80EA}
	EndGlobalSection
EndGlobal
